# This file is automatically @generated by Cargo.
# It is not intended for manual editing.
version = 3

[[package]]
name = "feanor-math"
version = "1.7.5"
source = "registry+https://github.com/rust-lang/crates.io-index"
checksum = "55f4ee7e026596fcd7ebce0f5d1e138adcd69a2052bda21a4655d6d11c716e72"
dependencies = [
 "libc",
 "oorandom",
]

[[package]]
name = "libc"
version = "0.2.171"
source = "registry+https://github.com/rust-lang/crates.io-index"
checksum = "c19937216e9d3aa9956d9bb8dfc0b0c8beb6058fc4f7a4dc4d850edf86a237d6"

[[package]]
name = "locky"
version = "0.0.1"
dependencies = [
 "feanor-math",
]

[[package]]
name = "oorandom"
version = "11.1.5"
source = "registry+https://github.com/rust-lang/crates.io-index"
checksum = "d6790f58c7ff633d8771f42965289203411a5e5c68388703c06e14f24770b41e"
